
Microsoft Visual Studio Solution File, Format Version 12.00
# Visual Studio Version 16
VisualStudioVersion = 16.0.31515.178
MinimumVisualStudioVersion = 10.0.40219.1
Project("{9A19103F-16F7-4668-BE54-9A1E7A4F7556}") = "konatus.api", "src\konatus.api\konatus.api.csproj", "{AC0C16F1-9936-44D5-B715-25D9E2E622CF}"
EndProject
Project("{9A19103F-16F7-4668-BE54-9A1E7A4F7556}") = "konatus.business", "src\konatus.business\konatus.business.csproj", "{6BBDB302-94A1-4FF0-8A58-F5535DC1D53B}"
EndProject
Project("{9A19103F-16F7-4668-BE54-9A1E7A4F7556}") = "konatus.data", "src\konatus.data\konatus.data.csproj", "{0BF0C2FC-FBFB-4BB1-897B-FE88CED57AC2}"
EndProject
Project("{9A19103F-16F7-4668-BE54-9A1E7A4F7556}") = "sga.utils", "src\sga.utils\sga.utils.csproj", "{05682842-D173-4E17-923D-F87A4074B3BF}"
EndProject
Global
	GlobalSection(SolutionConfigurationPlatforms) = preSolution
		Debug|Any CPU = Debug|Any CPU
		Release|Any CPU = Release|Any CPU
	EndGlobalSection
	GlobalSection(ProjectConfigurationPlatforms) = postSolution
		{AC0C16F1-9936-44D5-B715-25D9E2E622CF}.Debug|Any CPU.ActiveCfg = Debug|Any CPU
		{AC0C16F1-9936-44D5-B715-25D9E2E622CF}.Debug|Any CPU.Build.0 = Debug|Any CPU
		{AC0C16F1-9936-44D5-B715-25D9E2E622CF}.Release|Any CPU.ActiveCfg = Release|Any CPU
		{AC0C16F1-9936-44D5-B715-25D9E2E622CF}.Release|Any CPU.Build.0 = Release|Any CPU
		{6BBDB302-94A1-4FF0-8A58-F5535DC1D53B}.Debug|Any CPU.ActiveCfg = Debug|Any CPU
		{6BBDB302-94A1-4FF0-8A58-F5535DC1D53B}.Debug|Any CPU.Build.0 = Debug|Any CPU
		{6BBDB302-94A1-4FF0-8A58-F5535DC1D53B}.Release|Any CPU.ActiveCfg = Release|Any CPU
		{6BBDB302-94A1-4FF0-8A58-F5535DC1D53B}.Release|Any CPU.Build.0 = Release|Any CPU
		{0BF0C2FC-FBFB-4BB1-897B-FE88CED57AC2}.Debug|Any CPU.ActiveCfg = Debug|Any CPU
		{0BF0C2FC-FBFB-4BB1-897B-FE88CED57AC2}.Debug|Any CPU.Build.0 = Debug|Any CPU
		{0BF0C2FC-FBFB-4BB1-897B-FE88CED57AC2}.Release|Any CPU.ActiveCfg = Release|Any CPU
		{0BF0C2FC-FBFB-4BB1-897B-FE88CED57AC2}.Release|Any CPU.Build.0 = Release|Any CPU
		{05682842-D173-4E17-923D-F87A4074B3BF}.Debug|Any CPU.ActiveCfg = Debug|Any CPU
		{05682842-D173-4E17-923D-F87A4074B3BF}.Debug|Any CPU.Build.0 = Debug|Any CPU
		{05682842-D173-4E17-923D-F87A4074B3BF}.Release|Any CPU.ActiveCfg = Release|Any CPU
		{05682842-D173-4E17-923D-F87A4074B3BF}.Release|Any CPU.Build.0 = Release|Any CPU
	EndGlobalSection
	GlobalSection(SolutionProperties) = preSolution
		HideSolutionNode = FALSE
	EndGlobalSection
	GlobalSection(ExtensibilityGlobals) = postSolution
		SolutionGuid = {30FD1750-5A32-4CFC-90EB-92C93C322620}
	EndGlobalSection
EndGlobal
